# This file is automatically @generated by Cargo.
# It is not intended for manual editing.
version = 3

[[package]]
name = "common"
version = "0.1.0"
dependencies = [
 "macros",
]

[[package]]
name = "macros"
version = "0.1.0"

[[package]]
name = "sdk"
version = "0.1.0"
dependencies = [
 "common",
]

[[package]]
name = "sdk_gen"
version = "0.1.0"
dependencies = [
 "common",
 "macros",
]
